
Microsoft Visual Studio Solution File, Format Version 12.00
# Visual Studio 15
VisualStudioVersion = 15.0.28010.2050
MinimumVisualStudioVersion = 10.0.40219.1
Project("{888888A0-9F3D-457C-B088-3A5042F75D52}") = "DjangoWeb", "DjangoWeb.pyproj", "{BDA38999-8A49-4477-92C8-91510D323248}"
EndProject
Global
	GlobalSection(SolutionConfigurationPlatforms) = preSolution
		Debug|Any CPU = Debug|Any CPU
		Release|Any CPU = Release|Any CPU
	EndGlobalSection
	GlobalSection(ProjectConfigurationPlatforms) = postSolution
		{BDA38999-8A49-4477-92C8-91510D323248}.Debug|Any CPU.ActiveCfg = Debug|Any CPU
		{BDA38999-8A49-4477-92C8-91510D323248}.Debug|Any CPU.Build.0 = Debug|Any CPU
		{BDA38999-8A49-4477-92C8-91510D323248}.Release|Any CPU.ActiveCfg = Release|Any CPU
		{BDA38999-8A49-4477-92C8-91510D323248}.Release|Any CPU.Build.0 = Release|Any CPU
	EndGlobalSection
	GlobalSection(SolutionProperties) = preSolution
		HideSolutionNode = FALSE
	EndGlobalSection
	GlobalSection(ExtensibilityGlobals) = postSolution
		SolutionGuid = {A66A5D1C-35FB-4A18-A9CF-32D2FC60C673}
	EndGlobalSection
EndGlobal
